
Microsoft Visual Studio Solution File, Format Version 12.00
# Visual Studio Version 17
VisualStudioVersion = 17.0.31903.59
MinimumVisualStudioVersion = 10.0.40219.1
Project("{FAE04EC0-301F-11D3-BF4B-00C04F79EFBC}") = "Connectors", "Connectors\Connectors.csproj", "{6CE02FB1-D223-4F92-968C-2CC1AFA087FC}"
EndProject
Project("{FAE04EC0-301F-11D3-BF4B-00C04F79EFBC}") = "IBApi", "IBApi\IBApi.csproj", "{C11ED60B-C8D3-4042-BB5C-3C51A560B19C}"
EndProject
Project("{FAE04EC0-301F-11D3-BF4B-00C04F79EFBC}") = "TradeLogic", "TradeLogic\TradeLogic.csproj", "{830C6045-39BF-4E56-9358-0EE6D0E14BEF}"
EndProject
Global
	GlobalSection(SolutionConfigurationPlatforms) = preSolution
		Debug|Any CPU = Debug|Any CPU
		Release|Any CPU = Release|Any CPU
	EndGlobalSection
	GlobalSection(SolutionProperties) = preSolution
		HideSolutionNode = FALSE
	EndGlobalSection
	GlobalSection(ProjectConfigurationPlatforms) = postSolution
		{6CE02FB1-D223-4F92-968C-2CC1AFA087FC}.Debug|Any CPU.ActiveCfg = Debug|Any CPU
		{6CE02FB1-D223-4F92-968C-2CC1AFA087FC}.Debug|Any CPU.Build.0 = Debug|Any CPU
		{6CE02FB1-D223-4F92-968C-2CC1AFA087FC}.Release|Any CPU.ActiveCfg = Release|Any CPU
		{6CE02FB1-D223-4F92-968C-2CC1AFA087FC}.Release|Any CPU.Build.0 = Release|Any CPU
		{C11ED60B-C8D3-4042-BB5C-3C51A560B19C}.Debug|Any CPU.ActiveCfg = Debug|Any CPU
		{C11ED60B-C8D3-4042-BB5C-3C51A560B19C}.Debug|Any CPU.Build.0 = Debug|Any CPU
		{C11ED60B-C8D3-4042-BB5C-3C51A560B19C}.Release|Any CPU.ActiveCfg = Release|Any CPU
		{C11ED60B-C8D3-4042-BB5C-3C51A560B19C}.Release|Any CPU.Build.0 = Release|Any CPU
		{830C6045-39BF-4E56-9358-0EE6D0E14BEF}.Debug|Any CPU.ActiveCfg = Debug|Any CPU
		{830C6045-39BF-4E56-9358-0EE6D0E14BEF}.Debug|Any CPU.Build.0 = Debug|Any CPU
		{830C6045-39BF-4E56-9358-0EE6D0E14BEF}.Release|Any CPU.ActiveCfg = Release|Any CPU
		{830C6045-39BF-4E56-9358-0EE6D0E14BEF}.Release|Any CPU.Build.0 = Release|Any CPU
	EndGlobalSection
EndGlobal
